// !$*UTF8*$!
{
	archiveVersion = 1;
	classes = {
	};
	objectVersion = 55;
	objects = {

/* Begin PBXBuildFile section */
		5A00A2B428A922DA00CF17A8 /* NewReleaseCellViewModel.swift in Sources */ = {isa = PBXBuildFile; fileRef = 5A00A2B328A922DA00CF17A8 /* NewReleaseCellViewModel.swift */; };
		5A0CA142287C5978003E2C51 /* AppDelegate.swift in Sources */ = {isa = PBXBuildFile; fileRef = 5A0CA141287C5978003E2C51 /* AppDelegate.swift */; };
		5A0CA144287C5978003E2C51 /* SceneDelegate.swift in Sources */ = {isa = PBXBuildFile; fileRef = 5A0CA143287C5978003E2C51 /* SceneDelegate.swift */; };
		5A0CA146287C5978003E2C51 /* HomeViewController.swift in Sources */ = {isa = PBXBuildFile; fileRef = 5A0CA145287C5978003E2C51 /* HomeViewController.swift */; };
		5A0CA14B287C597A003E2C51 /* Assets.xcassets in Resources */ = {isa = PBXBuildFile; fileRef = 5A0CA14A287C597A003E2C51 /* Assets.xcassets */; };
		5A0CA14E287C597A003E2C51 /* LaunchScreen.storyboard in Resources */ = {isa = PBXBuildFile; fileRef = 5A0CA14C287C597A003E2C51 /* LaunchScreen.storyboard */; };
		5A0CA160287C69CA003E2C51 /* TabBarViewController.swift in Sources */ = {isa = PBXBuildFile; fileRef = 5A0CA15F287C69CA003E2C51 /* TabBarViewController.swift */; };
		5A0CA162287C6A00003E2C51 /* SearchViewController.swift in Sources */ = {isa = PBXBuildFile; fileRef = 5A0CA161287C6A00003E2C51 /* SearchViewController.swift */; };
		5A0CA164287C6A12003E2C51 /* LibraryViewController.swift in Sources */ = {isa = PBXBuildFile; fileRef = 5A0CA163287C6A12003E2C51 /* LibraryViewController.swift */; };
		5A0CA166287C6A20003E2C51 /* AuthViewController.swift in Sources */ = {isa = PBXBuildFile; fileRef = 5A0CA165287C6A20003E2C51 /* AuthViewController.swift */; };
		5A0CA168287C6A2B003E2C51 /* WelcomeViewController.swift in Sources */ = {isa = PBXBuildFile; fileRef = 5A0CA167287C6A2B003E2C51 /* WelcomeViewController.swift */; };
		5A0CA16A287C6A33003E2C51 /* SettingsViewController.swift in Sources */ = {isa = PBXBuildFile; fileRef = 5A0CA169287C6A33003E2C51 /* SettingsViewController.swift */; };
		5A0CA16C287C6A3D003E2C51 /* ProfileViewController.swift in Sources */ = {isa = PBXBuildFile; fileRef = 5A0CA16B287C6A3C003E2C51 /* ProfileViewController.swift */; };
		5A0CA16E287C6A4B003E2C51 /* PlayerViewController.swift in Sources */ = {isa = PBXBuildFile; fileRef = 5A0CA16D287C6A4B003E2C51 /* PlayerViewController.swift */; };
		5A0CA170287C6A56003E2C51 /* PlaylistViewController.swift in Sources */ = {isa = PBXBuildFile; fileRef = 5A0CA16F287C6A56003E2C51 /* PlaylistViewController.swift */; };
		5A0CA172287C6A69003E2C51 /* SearchResultViewController.swift in Sources */ = {isa = PBXBuildFile; fileRef = 5A0CA171287C6A69003E2C51 /* SearchResultViewController.swift */; };
		5A0CA174287C6A9D003E2C51 /* AuthManager.swift in Sources */ = {isa = PBXBuildFile; fileRef = 5A0CA173287C6A9D003E2C51 /* AuthManager.swift */; };
		5A0CA176287C6AAA003E2C51 /* APICaller.swift in Sources */ = {isa = PBXBuildFile; fileRef = 5A0CA175287C6AAA003E2C51 /* APICaller.swift */; };
		5A0CA178287C6AB4003E2C51 /* HapticManager.swift in Sources */ = {isa = PBXBuildFile; fileRef = 5A0CA177287C6AB4003E2C51 /* HapticManager.swift */; };
		5A0CA17A287C6ACC003E2C51 /* Playlist.swift in Sources */ = {isa = PBXBuildFile; fileRef = 5A0CA179287C6ACC003E2C51 /* Playlist.swift */; };
		5A0CA17C287C6ADA003E2C51 /* AudioTrack.swift in Sources */ = {isa = PBXBuildFile; fileRef = 5A0CA17B287C6ADA003E2C51 /* AudioTrack.swift */; };
		5A0CA17E287C6AE0003E2C51 /* Artist.swift in Sources */ = {isa = PBXBuildFile; fileRef = 5A0CA17D287C6AE0003E2C51 /* Artist.swift */; };
		5A0CA180287C6AEF003E2C51 /* UserProfile.swift in Sources */ = {isa = PBXBuildFile; fileRef = 5A0CA17F287C6AEF003E2C51 /* UserProfile.swift */; };
		5A10B3C2288207EB00AEA964 /* SettingsModel.swift in Sources */ = {isa = PBXBuildFile; fileRef = 5A10B3C1288207EB00AEA964 /* SettingsModel.swift */; };
		5A177D9C287DC1C800896AEE /* AuthResponse.swift in Sources */ = {isa = PBXBuildFile; fileRef = 5A177D9B287DC1C800896AEE /* AuthResponse.swift */; };
		5A5BB0D3287CC707003B642A /* Extensions.swift in Sources */ = {isa = PBXBuildFile; fileRef = 5A5BB0D2287CC707003B642A /* Extensions.swift */; };
		5A5CAE8D288AF3A5000D7C22 /* NewReleaseResponse.swift in Sources */ = {isa = PBXBuildFile; fileRef = 5A5CAE8C288AF3A5000D7C22 /* NewReleaseResponse.swift */; };
		5A5CAE8F288AF4B8000D7C22 /* APIImages.swift in Sources */ = {isa = PBXBuildFile; fileRef = 5A5CAE8E288AF4B8000D7C22 /* APIImages.swift */; };
		5A5CAE91288AF765000D7C22 /* FeaturedPlaylistsResponse.swift in Sources */ = {isa = PBXBuildFile; fileRef = 5A5CAE90288AF765000D7C22 /* FeaturedPlaylistsResponse.swift */; };
		5A5CAE93288B0453000D7C22 /* RecommendedGenresResponse.swift in Sources */ = {isa = PBXBuildFile; fileRef = 5A5CAE92288B0453000D7C22 /* RecommendedGenresResponse.swift */; };
		5A5CAE95288B0DAC000D7C22 /* RecommendationsResponse.swift in Sources */ = {isa = PBXBuildFile; fileRef = 5A5CAE94288B0DAC000D7C22 /* RecommendationsResponse.swift */; };
		5A5CAE98288B33B4000D7C22 /* NewReleasesCollectionViewCell.swift in Sources */ = {isa = PBXBuildFile; fileRef = 5A5CAE97288B33B4000D7C22 /* NewReleasesCollectionViewCell.swift */; };
		5A5CAE9A288B33C8000D7C22 /* FeaturedPlaylistsCollectionViewCell.swift in Sources */ = {isa = PBXBuildFile; fileRef = 5A5CAE99288B33C8000D7C22 /* FeaturedPlaylistsCollectionViewCell.swift */; };
		5A5CAE9C288B33D5000D7C22 /* RecommendedTracksCollectionViewCell.swift in Sources */ = {isa = PBXBuildFile; fileRef = 5A5CAE9B288B33D5000D7C22 /* RecommendedTracksCollectionViewCell.swift */; };
		5AC5093628D4ADB600DD3A65 /* PlayListHeaderCollectionReusableView.swift in Sources */ = {isa = PBXBuildFile; fileRef = 5AC5093528D4ADB600DD3A65 /* PlayListHeaderCollectionReusableView.swift */; };
		5AC5093828D4B1E300DD3A65 /* PlayListHeaderViewViewModel.swift in Sources */ = {isa = PBXBuildFile; fileRef = 5AC5093728D4B1E300DD3A65 /* PlayListHeaderViewViewModel.swift */; };
		5AEF485728B24B2700D7E9C1 /* FeaturedPlaylistViewModel.swift in Sources */ = {isa = PBXBuildFile; fileRef = 5AEF485628B24B2700D7E9C1 /* FeaturedPlaylistViewModel.swift */; };
		5AEF485928B24B4400D7E9C1 /* RecommendedTrackViewModel.swift in Sources */ = {isa = PBXBuildFile; fileRef = 5AEF485828B24B4400D7E9C1 /* RecommendedTrackViewModel.swift */; };
		5AEF485B28B28BAD00D7E9C1 /* PlaylistDetailsResponse.swift in Sources */ = {isa = PBXBuildFile; fileRef = 5AEF485A28B28BAD00D7E9C1 /* PlaylistDetailsResponse.swift */; };
		5AEF485D28B28BB800D7E9C1 /* AlbumDetailsResponse.swift in Sources */ = {isa = PBXBuildFile; fileRef = 5AEF485C28B28BB800D7E9C1 /* AlbumDetailsResponse.swift */; };
		5AEF485F28B28DAA00D7E9C1 /* AlbumViewController.swift in Sources */ = {isa = PBXBuildFile; fileRef = 5AEF485E28B28DAA00D7E9C1 /* AlbumViewController.swift */; };
		FA3EEA64757657ED8709A556 /* Pods_Spotify.framework in Frameworks */ = {isa = PBXBuildFile; fileRef = 05FE46D3907A9743C1744354 /* Pods_Spotify.framework */; };
/* End PBXBuildFile section */

/* Begin PBXFileReference section */
		05FE46D3907A9743C1744354 /* Pods_Spotify.framework */ = {isa = PBXFileReference; explicitFileType = wrapper.framework; includeInIndex = 0; path = Pods_Spotify.framework; sourceTree = BUILT_PRODUCTS_DIR; };
		5A00A2B328A922DA00CF17A8 /* NewReleaseCellViewModel.swift */ = {isa = PBXFileReference; lastKnownFileType = sourcecode.swift; path = NewReleaseCellViewModel.swift; sourceTree = "<group>"; };
		5A0CA13E287C5978003E2C51 /* Spotify.app */ = {isa = PBXFileReference; explicitFileType = wrapper.application; includeInIndex = 0; path = Spotify.app; sourceTree = BUILT_PRODUCTS_DIR; };
		5A0CA141287C5978003E2C51 /* AppDelegate.swift */ = {isa = PBXFileReference; lastKnownFileType = sourcecode.swift; path = AppDelegate.swift; sourceTree = "<group>"; };
		5A0CA143287C5978003E2C51 /* SceneDelegate.swift */ = {isa = PBXFileReference; lastKnownFileType = sourcecode.swift; path = SceneDelegate.swift; sourceTree = "<group>"; };
		5A0CA145287C5978003E2C51 /* HomeViewController.swift */ = {isa = PBXFileReference; lastKnownFileType = sourcecode.swift; path = HomeViewController.swift; sourceTree = "<group>"; };
		5A0CA14A287C597A003E2C51 /* Assets.xcassets */ = {isa = PBXFileReference; lastKnownFileType = folder.assetcatalog; path = Assets.xcassets; sourceTree = "<group>"; };
		5A0CA14D287C597A003E2C51 /* Base */ = {isa = PBXFileReference; lastKnownFileType = file.storyboard; name = Base; path = Base.lproj/LaunchScreen.storyboard; sourceTree = "<group>"; };
		5A0CA14F287C597A003E2C51 /* Info.plist */ = {isa = PBXFileReference; lastKnownFileType = text.plist.xml; path = Info.plist; sourceTree = "<group>"; };
		5A0CA15F287C69CA003E2C51 /* TabBarViewController.swift */ = {isa = PBXFileReference; lastKnownFileType = sourcecode.swift; path = TabBarViewController.swift; sourceTree = "<group>"; };
		5A0CA161287C6A00003E2C51 /* SearchViewController.swift */ = {isa = PBXFileReference; lastKnownFileType = sourcecode.swift; path = SearchViewController.swift; sourceTree = "<group>"; };
		5A0CA163287C6A12003E2C51 /* LibraryViewController.swift */ = {isa = PBXFileReference; lastKnownFileType = sourcecode.swift; path = LibraryViewController.swift; sourceTree = "<group>"; };
		5A0CA165287C6A20003E2C51 /* AuthViewController.swift */ = {isa = PBXFileReference; lastKnownFileType = sourcecode.swift; path = AuthViewController.swift; sourceTree = "<group>"; };
		5A0CA167287C6A2B003E2C51 /* WelcomeViewController.swift */ = {isa = PBXFileReference; lastKnownFileType = sourcecode.swift; path = WelcomeViewController.swift; sourceTree = "<group>"; };
		5A0CA169287C6A33003E2C51 /* SettingsViewController.swift */ = {isa = PBXFileReference; lastKnownFileType = sourcecode.swift; path = SettingsViewController.swift; sourceTree = "<group>"; };
		5A0CA16B287C6A3C003E2C51 /* ProfileViewController.swift */ = {isa = PBXFileReference; lastKnownFileType = sourcecode.swift; path = ProfileViewController.swift; sourceTree = "<group>"; };
		5A0CA16D287C6A4B003E2C51 /* PlayerViewController.swift */ = {isa = PBXFileReference; lastKnownFileType = sourcecode.swift; path = PlayerViewController.swift; sourceTree = "<group>"; };
		5A0CA16F287C6A56003E2C51 /* PlaylistViewController.swift */ = {isa = PBXFileReference; lastKnownFileType = sourcecode.swift; path = PlaylistViewController.swift; sourceTree = "<group>"; };
		5A0CA171287C6A69003E2C51 /* SearchResultViewController.swift */ = {isa = PBXFileReference; lastKnownFileType = sourcecode.swift; path = SearchResultViewController.swift; sourceTree = "<group>"; };
		5A0CA173287C6A9D003E2C51 /* AuthManager.swift */ = {isa = PBXFileReference; lastKnownFileType = sourcecode.swift; path = AuthManager.swift; sourceTree = "<group>"; };
		5A0CA175287C6AAA003E2C51 /* APICaller.swift */ = {isa = PBXFileReference; lastKnownFileType = sourcecode.swift; path = APICaller.swift; sourceTree = "<group>"; };
		5A0CA177287C6AB4003E2C51 /* HapticManager.swift */ = {isa = PBXFileReference; lastKnownFileType = sourcecode.swift; path = HapticManager.swift; sourceTree = "<group>"; };
		5A0CA179287C6ACC003E2C51 /* Playlist.swift */ = {isa = PBXFileReference; lastKnownFileType = sourcecode.swift; path = Playlist.swift; sourceTree = "<group>"; };
		5A0CA17B287C6ADA003E2C51 /* AudioTrack.swift */ = {isa = PBXFileReference; lastKnownFileType = sourcecode.swift; path = AudioTrack.swift; sourceTree = "<group>"; };
		5A0CA17D287C6AE0003E2C51 /* Artist.swift */ = {isa = PBXFileReference; lastKnownFileType = sourcecode.swift; path = Artist.swift; sourceTree = "<group>"; };
		5A0CA17F287C6AEF003E2C51 /* UserProfile.swift */ = {isa = PBXFileReference; lastKnownFileType = sourcecode.swift; path = UserProfile.swift; sourceTree = "<group>"; };
		5A10B3C1288207EB00AEA964 /* SettingsModel.swift */ = {isa = PBXFileReference; lastKnownFileType = sourcecode.swift; path = SettingsModel.swift; sourceTree = "<group>"; };
		5A177D9B287DC1C800896AEE /* AuthResponse.swift */ = {isa = PBXFileReference; lastKnownFileType = sourcecode.swift; path = AuthResponse.swift; sourceTree = "<group>"; };
		5A5BB0D2287CC707003B642A /* Extensions.swift */ = {isa = PBXFileReference; lastKnownFileType = sourcecode.swift; path = Extensions.swift; sourceTree = "<group>"; };
		5A5CAE8C288AF3A5000D7C22 /* NewReleaseResponse.swift */ = {isa = PBXFileReference; lastKnownFileType = sourcecode.swift; path = NewReleaseResponse.swift; sourceTree = "<group>"; };
		5A5CAE8E288AF4B8000D7C22 /* APIImages.swift */ = {isa = PBXFileReference; lastKnownFileType = sourcecode.swift; path = APIImages.swift; sourceTree = "<group>"; };
		5A5CAE90288AF765000D7C22 /* FeaturedPlaylistsResponse.swift */ = {isa = PBXFileReference; lastKnownFileType = sourcecode.swift; path = FeaturedPlaylistsResponse.swift; sourceTree = "<group>"; };
		5A5CAE92288B0453000D7C22 /* RecommendedGenresResponse.swift */ = {isa = PBXFileReference; lastKnownFileType = sourcecode.swift; path = RecommendedGenresResponse.swift; sourceTree = "<group>"; };
		5A5CAE94288B0DAC000D7C22 /* RecommendationsResponse.swift */ = {isa = PBXFileReference; lastKnownFileType = sourcecode.swift; path = RecommendationsResponse.swift; sourceTree = "<group>"; };
		5A5CAE97288B33B4000D7C22 /* NewReleasesCollectionViewCell.swift */ = {isa = PBXFileReference; lastKnownFileType = sourcecode.swift; path = NewReleasesCollectionViewCell.swift; sourceTree = "<group>"; };
		5A5CAE99288B33C8000D7C22 /* FeaturedPlaylistsCollectionViewCell.swift */ = {isa = PBXFileReference; lastKnownFileType = sourcecode.swift; path = FeaturedPlaylistsCollectionViewCell.swift; sourceTree = "<group>"; };
		5A5CAE9B288B33D5000D7C22 /* RecommendedTracksCollectionViewCell.swift */ = {isa = PBXFileReference; lastKnownFileType = sourcecode.swift; path = RecommendedTracksCollectionViewCell.swift; sourceTree = "<group>"; };
		5AC5093528D4ADB600DD3A65 /* PlayListHeaderCollectionReusableView.swift */ = {isa = PBXFileReference; lastKnownFileType = sourcecode.swift; path = PlayListHeaderCollectionReusableView.swift; sourceTree = "<group>"; };
		5AC5093728D4B1E300DD3A65 /* PlayListHeaderViewViewModel.swift */ = {isa = PBXFileReference; lastKnownFileType = sourcecode.swift; path = PlayListHeaderViewViewModel.swift; sourceTree = "<group>"; };
		5AEF485628B24B2700D7E9C1 /* FeaturedPlaylistViewModel.swift */ = {isa = PBXFileReference; lastKnownFileType = sourcecode.swift; path = FeaturedPlaylistViewModel.swift; sourceTree = "<group>"; };
		5AEF485828B24B4400D7E9C1 /* RecommendedTrackViewModel.swift */ = {isa = PBXFileReference; lastKnownFileType = sourcecode.swift; path = RecommendedTrackViewModel.swift; sourceTree = "<group>"; };
		5AEF485A28B28BAD00D7E9C1 /* PlaylistDetailsResponse.swift */ = {isa = PBXFileReference; lastKnownFileType = sourcecode.swift; path = PlaylistDetailsResponse.swift; sourceTree = "<group>"; };
		5AEF485C28B28BB800D7E9C1 /* AlbumDetailsResponse.swift */ = {isa = PBXFileReference; lastKnownFileType = sourcecode.swift; path = AlbumDetailsResponse.swift; sourceTree = "<group>"; };
		5AEF485E28B28DAA00D7E9C1 /* AlbumViewController.swift */ = {isa = PBXFileReference; lastKnownFileType = sourcecode.swift; path = AlbumViewController.swift; sourceTree = "<group>"; };
		B8C3ED7C1A1949020FE05F08 /* Pods-Spotify.release.xcconfig */ = {isa = PBXFileReference; includeInIndex = 1; lastKnownFileType = text.xcconfig; name = "Pods-Spotify.release.xcconfig"; path = "Target Support Files/Pods-Spotify/Pods-Spotify.release.xcconfig"; sourceTree = "<group>"; };
		FA39F7B42B5A8A04DD086573 /* Pods-Spotify.debug.xcconfig */ = {isa = PBXFileReference; includeInIndex = 1; lastKnownFileType = text.xcconfig; name = "Pods-Spotify.debug.xcconfig"; path = "Target Support Files/Pods-Spotify/Pods-Spotify.debug.xcconfig"; sourceTree = "<group>"; };
/* End PBXFileReference section */

/* Begin PBXFrameworksBuildPhase section */
		5A0CA13B287C5978003E2C51 /* Frameworks */ = {
			isa = PBXFrameworksBuildPhase;
			buildActionMask = 2147483647;
			files = (
				FA3EEA64757657ED8709A556 /* Pods_Spotify.framework in Frameworks */,
			);
			runOnlyForDeploymentPostprocessing = 0;
		};
/* End PBXFrameworksBuildPhase section */

/* Begin PBXGroup section */
		5A0CA135287C5978003E2C51 = {
			isa = PBXGroup;
			children = (
				5A0CA140287C5978003E2C51 /* Spotify */,
				5A0CA13F287C5978003E2C51 /* Products */,
				8E1C288CF76DF51C276C5F96 /* Pods */,
				9ADCD9803270E167A5A29397 /* Frameworks */,
			);
			sourceTree = "<group>";
		};
		5A0CA13F287C5978003E2C51 /* Products */ = {
			isa = PBXGroup;
			children = (
				5A0CA13E287C5978003E2C51 /* Spotify.app */,
			);
			name = Products;
			sourceTree = "<group>";
		};
		5A0CA140287C5978003E2C51 /* Spotify */ = {
			isa = PBXGroup;
			children = (
				5A0CA15A287C624B003E2C51 /* ViewModels */,
				5A0CA159287C623A003E2C51 /* Resources */,
				5A0CA158287C6233003E2C51 /* Managers */,
				5A0CA157287C621E003E2C51 /* Controllers */,
				5A0CA156287C6216003E2C51 /* Models */,
				5A0CA155287C620F003E2C51 /* Views */,
				5A0CA14F287C597A003E2C51 /* Info.plist */,
			);
			path = Spotify;
			sourceTree = "<group>";
		};
		5A0CA155287C620F003E2C51 /* Views */ = {
			isa = PBXGroup;
			children = (
				5A5CAE96288B3377000D7C22 /* Browse */,
				5A0CA14C287C597A003E2C51 /* LaunchScreen.storyboard */,
				5AC5093528D4ADB600DD3A65 /* PlayListHeaderCollectionReusableView.swift */,
			);
			path = Views;
			sourceTree = "<group>";
		};
		5A0CA156287C6216003E2C51 /* Models */ = {
			isa = PBXGroup;
			children = (
				5A0CA179287C6ACC003E2C51 /* Playlist.swift */,
				5A0CA17B287C6ADA003E2C51 /* AudioTrack.swift */,
				5A0CA17D287C6AE0003E2C51 /* Artist.swift */,
				5A0CA17F287C6AEF003E2C51 /* UserProfile.swift */,
				5A177D9B287DC1C800896AEE /* AuthResponse.swift */,
				5A10B3C1288207EB00AEA964 /* SettingsModel.swift */,
				5A5CAE8C288AF3A5000D7C22 /* NewReleaseResponse.swift */,
				5A5CAE8E288AF4B8000D7C22 /* APIImages.swift */,
				5A5CAE90288AF765000D7C22 /* FeaturedPlaylistsResponse.swift */,
				5A5CAE92288B0453000D7C22 /* RecommendedGenresResponse.swift */,
				5A5CAE94288B0DAC000D7C22 /* RecommendationsResponse.swift */,
				5AEF485A28B28BAD00D7E9C1 /* PlaylistDetailsResponse.swift */,
				5AEF485C28B28BB800D7E9C1 /* AlbumDetailsResponse.swift */,
			);
			path = Models;
			sourceTree = "<group>";
		};
		5A0CA157287C621E003E2C51 /* Controllers */ = {
			isa = PBXGroup;
			children = (
				5A0CA15B287C62D9003E2C51 /* Core */,
				5A0CA15C287C62E0003E2C51 /* Other */,
			);
			path = Controllers;
			sourceTree = "<group>";
		};
		5A0CA158287C6233003E2C51 /* Managers */ = {
			isa = PBXGroup;
			children = (
				5A0CA173287C6A9D003E2C51 /* AuthManager.swift */,
				5A0CA175287C6AAA003E2C51 /* APICaller.swift */,
				5A0CA177287C6AB4003E2C51 /* HapticManager.swift */,
			);
			path = Managers;
			sourceTree = "<group>";
		};
		5A0CA159287C623A003E2C51 /* Resources */ = {
			isa = PBXGroup;
			children = (
				5A0CA141287C5978003E2C51 /* AppDelegate.swift */,
				5A0CA143287C5978003E2C51 /* SceneDelegate.swift */,
				5A0CA14A287C597A003E2C51 /* Assets.xcassets */,
				5A5BB0D2287CC707003B642A /* Extensions.swift */,
			);
			path = Resources;
			sourceTree = "<group>";
		};
		5A0CA15A287C624B003E2C51 /* ViewModels */ = {
			isa = PBXGroup;
			children = (
				5A00A2B328A922DA00CF17A8 /* NewReleaseCellViewModel.swift */,
				5AEF485628B24B2700D7E9C1 /* FeaturedPlaylistViewModel.swift */,
				5AEF485828B24B4400D7E9C1 /* RecommendedTrackViewModel.swift */,
				5AC5093728D4B1E300DD3A65 /* PlayListHeaderViewViewModel.swift */,
			);
			path = ViewModels;
			sourceTree = "<group>";
		};
		5A0CA15B287C62D9003E2C51 /* Core */ = {
			isa = PBXGroup;
			children = (
				5A0CA145287C5978003E2C51 /* HomeViewController.swift */,
				5A0CA15F287C69CA003E2C51 /* TabBarViewController.swift */,
				5A0CA161287C6A00003E2C51 /* SearchViewController.swift */,
				5A0CA163287C6A12003E2C51 /* LibraryViewController.swift */,
			);
			path = Core;
			sourceTree = "<group>";
		};
		5A0CA15C287C62E0003E2C51 /* Other */ = {
			isa = PBXGroup;
			children = (
				5A0CA165287C6A20003E2C51 /* AuthViewController.swift */,
				5A0CA167287C6A2B003E2C51 /* WelcomeViewController.swift */,
				5A0CA169287C6A33003E2C51 /* SettingsViewController.swift */,
				5A0CA16B287C6A3C003E2C51 /* ProfileViewController.swift */,
				5A0CA16D287C6A4B003E2C51 /* PlayerViewController.swift */,
				5A0CA16F287C6A56003E2C51 /* PlaylistViewController.swift */,
				5A0CA171287C6A69003E2C51 /* SearchResultViewController.swift */,
				5AEF485E28B28DAA00D7E9C1 /* AlbumViewController.swift */,
			);
			path = Other;
			sourceTree = "<group>";
		};
		5A5CAE96288B3377000D7C22 /* Browse */ = {
			isa = PBXGroup;
			children = (
				5A5CAE97288B33B4000D7C22 /* NewReleasesCollectionViewCell.swift */,
				5A5CAE99288B33C8000D7C22 /* FeaturedPlaylistsCollectionViewCell.swift */,
				5A5CAE9B288B33D5000D7C22 /* RecommendedTracksCollectionViewCell.swift */,
			);
			path = Browse;
			sourceTree = "<group>";
		};
		8E1C288CF76DF51C276C5F96 /* Pods */ = {
			isa = PBXGroup;
			children = (
				FA39F7B42B5A8A04DD086573 /* Pods-Spotify.debug.xcconfig */,
				B8C3ED7C1A1949020FE05F08 /* Pods-Spotify.release.xcconfig */,
			);
			path = Pods;
			sourceTree = "<group>";
		};
		9ADCD9803270E167A5A29397 /* Frameworks */ = {
			isa = PBXGroup;
			children = (
				05FE46D3907A9743C1744354 /* Pods_Spotify.framework */,
			);
			name = Frameworks;
			sourceTree = "<group>";
		};
/* End PBXGroup section */

/* Begin PBXNativeTarget section */
		5A0CA13D287C5978003E2C51 /* Spotify */ = {
			isa = PBXNativeTarget;
			buildConfigurationList = 5A0CA152287C597A003E2C51 /* Build configuration list for PBXNativeTarget "Spotify" */;
			buildPhases = (
				FFAC584E3DD762698123DEDE /* [CP] Check Pods Manifest.lock */,
				5A0CA13A287C5978003E2C51 /* Sources */,
				5A0CA13B287C5978003E2C51 /* Frameworks */,
				5A0CA13C287C5978003E2C51 /* Resources */,
				3337F929287773D7E75D53CF /* [CP] Embed Pods Frameworks */,
			);
			buildRules = (
			);
			dependencies = (
			);
			name = Spotify;
			productName = Spotify;
			productReference = 5A0CA13E287C5978003E2C51 /* Spotify.app */;
			productType = "com.apple.product-type.application";
		};
/* End PBXNativeTarget section */

/* Begin PBXProject section */
		5A0CA136287C5978003E2C51 /* Project object */ = {
			isa = PBXProject;
			attributes = {
				BuildIndependentTargetsInParallel = 1;
				LastSwiftUpdateCheck = 1320;
				LastUpgradeCheck = 1320;
				TargetAttributes = {
					5A0CA13D287C5978003E2C51 = {
						CreatedOnToolsVersion = 13.2.1;
					};
				};
			};
			buildConfigurationList = 5A0CA139287C5978003E2C51 /* Build configuration list for PBXProject "Spotify" */;
			compatibilityVersion = "Xcode 13.0";
			developmentRegion = en;
			hasScannedForEncodings = 0;
			knownRegions = (
				en,
				Base,
			);
			mainGroup = 5A0CA135287C5978003E2C51;
			productRefGroup = 5A0CA13F287C5978003E2C51 /* Products */;
			projectDirPath = "";
			projectRoot = "";
			targets = (
				5A0CA13D287C5978003E2C51 /* Spotify */,
			);
		};
/* End PBXProject section */

/* Begin PBXResourcesBuildPhase section */
		5A0CA13C287C5978003E2C51 /* Resources */ = {
			isa = PBXResourcesBuildPhase;
			buildActionMask = 2147483647;
			files = (
				5A0CA14E287C597A003E2C51 /* LaunchScreen.storyboard in Resources */,
				5A0CA14B287C597A003E2C51 /* Assets.xcassets in Resources */,
			);
			runOnlyForDeploymentPostprocessing = 0;
		};
/* End PBXResourcesBuildPhase section */

/* Begin PBXShellScriptBuildPhase section */
		3337F929287773D7E75D53CF /* [CP] Embed Pods Frameworks */ = {
			isa = PBXShellScriptBuildPhase;
			buildActionMask = 2147483647;
			files = (
			);
			inputFileListPaths = (
				"${PODS_ROOT}/Target Support Files/Pods-Spotify/Pods-Spotify-frameworks-${CONFIGURATION}-input-files.xcfilelist",
			);
			name = "[CP] Embed Pods Frameworks";
			outputFileListPaths = (
				"${PODS_ROOT}/Target Support Files/Pods-Spotify/Pods-Spotify-frameworks-${CONFIGURATION}-output-files.xcfilelist",
			);
			runOnlyForDeploymentPostprocessing = 0;
			shellPath = /bin/sh;
			shellScript = "\"${PODS_ROOT}/Target Support Files/Pods-Spotify/Pods-Spotify-frameworks.sh\"\n";
			showEnvVarsInLog = 0;
		};
		FFAC584E3DD762698123DEDE /* [CP] Check Pods Manifest.lock */ = {
			isa = PBXShellScriptBuildPhase;
			buildActionMask = 2147483647;
			files = (
			);
			inputFileListPaths = (
			);
			inputPaths = (
				"${PODS_PODFILE_DIR_PATH}/Podfile.lock",
				"${PODS_ROOT}/Manifest.lock",
			);
			name = "[CP] Check Pods Manifest.lock";
			outputFileListPaths = (
			);
			outputPaths = (
				"$(DERIVED_FILE_DIR)/Pods-Spotify-checkManifestLockResult.txt",
			);
			runOnlyForDeploymentPostprocessing = 0;
			shellPath = /bin/sh;
			shellScript = "diff \"${PODS_PODFILE_DIR_PATH}/Podfile.lock\" \"${PODS_ROOT}/Manifest.lock\" > /dev/null\nif [ $? != 0 ] ; then\n    # print error to STDERR\n    echo \"error: The sandbox is not in sync with the Podfile.lock. Run 'pod install' or update your CocoaPods installation.\" >&2\n    exit 1\nfi\n# This output is used by Xcode 'outputs' to avoid re-running this script phase.\necho \"SUCCESS\" > \"${SCRIPT_OUTPUT_FILE_0}\"\n";
			showEnvVarsInLog = 0;
		};
/* End PBXShellScriptBuildPhase section */

/* Begin PBXSourcesBuildPhase section */
		5A0CA13A287C5978003E2C51 /* Sources */ = {
			isa = PBXSourcesBuildPhase;
			buildActionMask = 2147483647;
			files = (
				5A0CA162287C6A00003E2C51 /* SearchViewController.swift in Sources */,
				5A5CAE9C288B33D5000D7C22 /* RecommendedTracksCollectionViewCell.swift in Sources */,
				5AEF485728B24B2700D7E9C1 /* FeaturedPlaylistViewModel.swift in Sources */,
				5AEF485F28B28DAA00D7E9C1 /* AlbumViewController.swift in Sources */,
				5A0CA17A287C6ACC003E2C51 /* Playlist.swift in Sources */,
				5A0CA174287C6A9D003E2C51 /* AuthManager.swift in Sources */,
				5A0CA178287C6AB4003E2C51 /* HapticManager.swift in Sources */,
				5A0CA168287C6A2B003E2C51 /* WelcomeViewController.swift in Sources */,
				5AC5093628D4ADB600DD3A65 /* PlayListHeaderCollectionReusableView.swift in Sources */,
				5A0CA16C287C6A3D003E2C51 /* ProfileViewController.swift in Sources */,
				5A0CA160287C69CA003E2C51 /* TabBarViewController.swift in Sources */,
				5A0CA146287C5978003E2C51 /* HomeViewController.swift in Sources */,
				5AC5093828D4B1E300DD3A65 /* PlayListHeaderViewViewModel.swift in Sources */,
				5A177D9C287DC1C800896AEE /* AuthResponse.swift in Sources */,
				5A5CAE98288B33B4000D7C22 /* NewReleasesCollectionViewCell.swift in Sources */,
				5A0CA17C287C6ADA003E2C51 /* AudioTrack.swift in Sources */,
				5A0CA166287C6A20003E2C51 /* AuthViewController.swift in Sources */,
				5A5CAE95288B0DAC000D7C22 /* RecommendationsResponse.swift in Sources */,
				5AEF485B28B28BAD00D7E9C1 /* PlaylistDetailsResponse.swift in Sources */,
				5A0CA142287C5978003E2C51 /* AppDelegate.swift in Sources */,
				5A00A2B428A922DA00CF17A8 /* NewReleaseCellViewModel.swift in Sources */,
				5A10B3C2288207EB00AEA964 /* SettingsModel.swift in Sources */,
				5A0CA164287C6A12003E2C51 /* LibraryViewController.swift in Sources */,
				5A0CA180287C6AEF003E2C51 /* UserProfile.swift in Sources */,
				5A5BB0D3287CC707003B642A /* Extensions.swift in Sources */,
				5A0CA170287C6A56003E2C51 /* PlaylistViewController.swift in Sources */,
				5A0CA17E287C6AE0003E2C51 /* Artist.swift in Sources */,
				5A0CA144287C5978003E2C51 /* SceneDelegate.swift in Sources */,
				5A0CA16E287C6A4B003E2C51 /* PlayerViewController.swift in Sources */,
				5A0CA172287C6A69003E2C51 /* SearchResultViewController.swift in Sources */,
				5A5CAE8D288AF3A5000D7C22 /* NewReleaseResponse.swift in Sources */,
				5A5CAE9A288B33C8000D7C22 /* FeaturedPlaylistsCollectionViewCell.swift in Sources */,
				5A5CAE8F288AF4B8000D7C22 /* APIImages.swift in Sources */,
				5A0CA176287C6AAA003E2C51 /* APICaller.swift in Sources */,
				5AEF485D28B28BB800D7E9C1 /* AlbumDetailsResponse.swift in Sources */,
				5AEF485928B24B4400D7E9C1 /* RecommendedTrackViewModel.swift in Sources */,
				5A5CAE91288AF765000D7C22 /* FeaturedPlaylistsResponse.swift in Sources */,
				5A0CA16A287C6A33003E2C51 /* SettingsViewController.swift in Sources */,
				5A5CAE93288B0453000D7C22 /* RecommendedGenresResponse.swift in Sources */,
			);
			runOnlyForDeploymentPostprocessing = 0;
		};
/* End PBXSourcesBuildPhase section */

/* Begin PBXVariantGroup section */
		5A0CA14C287C597A003E2C51 /* LaunchScreen.storyboard */ = {
			isa = PBXVariantGroup;
			children = (
				5A0CA14D287C597A003E2C51 /* Base */,
			);
			name = LaunchScreen.storyboard;
			sourceTree = "<group>";
		};
/* End PBXVariantGroup section */

/* Begin XCBuildConfiguration section */
		5A0CA150287C597A003E2C51 /* Debug */ = {
			isa = XCBuildConfiguration;
			buildSettings = {
				ALWAYS_SEARCH_USER_PATHS = NO;
				CLANG_ANALYZER_NONNULL = YES;
				CLANG_ANALYZER_NUMBER_OBJECT_CONVERSION = YES_AGGRESSIVE;
				CLANG_CXX_LANGUAGE_STANDARD = "gnu++17";
				CLANG_CXX_LIBRARY = "libc++";
				CLANG_ENABLE_MODULES = YES;
				CLANG_ENABLE_OBJC_ARC = YES;
				CLANG_ENABLE_OBJC_WEAK = YES;
				CLANG_WARN_BLOCK_CAPTURE_AUTORELEASING = YES;
				CLANG_WARN_BOOL_CONVERSION = YES;
				CLANG_WARN_COMMA = YES;
				CLANG_WARN_CONSTANT_CONVERSION = YES;
				CLANG_WARN_DEPRECATED_OBJC_IMPLEMENTATIONS = YES;
				CLANG_WARN_DIRECT_OBJC_ISA_USAGE = YES_ERROR;
				CLANG_WARN_DOCUMENTATION_COMMENTS = YES;
				CLANG_WARN_EMPTY_BODY = YES;
				CLANG_WARN_ENUM_CONVERSION = YES;
				CLANG_WARN_INFINITE_RECURSION = YES;
				CLANG_WARN_INT_CONVERSION = YES;
				CLANG_WARN_NON_LITERAL_NULL_CONVERSION = YES;
				CLANG_WARN_OBJC_IMPLICIT_RETAIN_SELF = YES;
				CLANG_WARN_OBJC_LITERAL_CONVERSION = YES;
				CLANG_WARN_OBJC_ROOT_CLASS = YES_ERROR;
				CLANG_WARN_QUOTED_INCLUDE_IN_FRAMEWORK_HEADER = YES;
				CLANG_WARN_RANGE_LOOP_ANALYSIS = YES;
				CLANG_WARN_STRICT_PROTOTYPES = YES;
				CLANG_WARN_SUSPICIOUS_MOVE = YES;
				CLANG_WARN_UNGUARDED_AVAILABILITY = YES_AGGRESSIVE;
				CLANG_WARN_UNREACHABLE_CODE = YES;
				CLANG_WARN__DUPLICATE_METHOD_MATCH = YES;
				COPY_PHASE_STRIP = NO;
				DEBUG_INFORMATION_FORMAT = dwarf;
				ENABLE_STRICT_OBJC_MSGSEND = YES;
				ENABLE_TESTABILITY = YES;
				GCC_C_LANGUAGE_STANDARD = gnu11;
				GCC_DYNAMIC_NO_PIC = NO;
				GCC_NO_COMMON_BLOCKS = YES;
				GCC_OPTIMIZATION_LEVEL = 0;
				GCC_PREPROCESSOR_DEFINITIONS = (
					"DEBUG=1",
					"$(inherited)",
				);
				GCC_WARN_64_TO_32_BIT_CONVERSION = YES;
				GCC_WARN_ABOUT_RETURN_TYPE = YES_ERROR;
				GCC_WARN_UNDECLARED_SELECTOR = YES;
				GCC_WARN_UNINITIALIZED_AUTOS = YES_AGGRESSIVE;
				GCC_WARN_UNUSED_FUNCTION = YES;
				GCC_WARN_UNUSED_VARIABLE = YES;
				IPHONEOS_DEPLOYMENT_TARGET = 15.2;
				MTL_ENABLE_DEBUG_INFO = INCLUDE_SOURCE;
				MTL_FAST_MATH = YES;
				ONLY_ACTIVE_ARCH = YES;
				SDKROOT = iphoneos;
				SWIFT_ACTIVE_COMPILATION_CONDITIONS = DEBUG;
				SWIFT_OPTIMIZATION_LEVEL = "-Onone";
			};
			name = Debug;
		};
		5A0CA151287C597A003E2C51 /* Release */ = {
			isa = XCBuildConfiguration;
			buildSettings = {
				ALWAYS_SEARCH_USER_PATHS = NO;
				CLANG_ANALYZER_NONNULL = YES;
				CLANG_ANALYZER_NUMBER_OBJECT_CONVERSION = YES_AGGRESSIVE;
				CLANG_CXX_LANGUAGE_STANDARD = "gnu++17";
				CLANG_CXX_LIBRARY = "libc++";
				CLANG_ENABLE_MODULES = YES;
				CLANG_ENABLE_OBJC_ARC = YES;
				CLANG_ENABLE_OBJC_WEAK = YES;
				CLANG_WARN_BLOCK_CAPTURE_AUTORELEASING = YES;
				CLANG_WARN_BOOL_CONVERSION = YES;
				CLANG_WARN_COMMA = YES;
				CLANG_WARN_CONSTANT_CONVERSION = YES;
				CLANG_WARN_DEPRECATED_OBJC_IMPLEMENTATIONS = YES;
				CLANG_WARN_DIRECT_OBJC_ISA_USAGE = YES_ERROR;
				CLANG_WARN_DOCUMENTATION_COMMENTS = YES;
				CLANG_WARN_EMPTY_BODY = YES;
				CLANG_WARN_ENUM_CONVERSION = YES;
				CLANG_WARN_INFINITE_RECURSION = YES;
				CLANG_WARN_INT_CONVERSION = YES;
				CLANG_WARN_NON_LITERAL_NULL_CONVERSION = YES;
				CLANG_WARN_OBJC_IMPLICIT_RETAIN_SELF = YES;
				CLANG_WARN_OBJC_LITERAL_CONVERSION = YES;
				CLANG_WARN_OBJC_ROOT_CLASS = YES_ERROR;
				CLANG_WARN_QUOTED_INCLUDE_IN_FRAMEWORK_HEADER = YES;
				CLANG_WARN_RANGE_LOOP_ANALYSIS = YES;
				CLANG_WARN_STRICT_PROTOTYPES = YES;
				CLANG_WARN_SUSPICIOUS_MOVE = YES;
				CLANG_WARN_UNGUARDED_AVAILABILITY = YES_AGGRESSIVE;
				CLANG_WARN_UNREACHABLE_CODE = YES;
				CLANG_WARN__DUPLICATE_METHOD_MATCH = YES;
				COPY_PHASE_STRIP = NO;
				DEBUG_INFORMATION_FORMAT = "dwarf-with-dsym";
				ENABLE_NS_ASSERTIONS = NO;
				ENABLE_STRICT_OBJC_MSGSEND = YES;
				GCC_C_LANGUAGE_STANDARD = gnu11;
				GCC_NO_COMMON_BLOCKS = YES;
				GCC_WARN_64_TO_32_BIT_CONVERSION = YES;
				GCC_WARN_ABOUT_RETURN_TYPE = YES_ERROR;
				GCC_WARN_UNDECLARED_SELECTOR = YES;
				GCC_WARN_UNINITIALIZED_AUTOS = YES_AGGRESSIVE;
				GCC_WARN_UNUSED_FUNCTION = YES;
				GCC_WARN_UNUSED_VARIABLE = YES;
				IPHONEOS_DEPLOYMENT_TARGET = 15.2;
				MTL_ENABLE_DEBUG_INFO = NO;
				MTL_FAST_MATH = YES;
				SDKROOT = iphoneos;
				SWIFT_COMPILATION_MODE = wholemodule;
				SWIFT_OPTIMIZATION_LEVEL = "-O";
				VALIDATE_PRODUCT = YES;
			};
			name = Release;
		};
		5A0CA153287C597A003E2C51 /* Debug */ = {
			isa = XCBuildConfiguration;
			baseConfigurationReference = FA39F7B42B5A8A04DD086573 /* Pods-Spotify.debug.xcconfig */;
			buildSettings = {
				ASSETCATALOG_COMPILER_APPICON_NAME = AppIcon;
				ASSETCATALOG_COMPILER_GLOBAL_ACCENT_COLOR_NAME = AccentColor;
				CODE_SIGN_STYLE = Automatic;
				CURRENT_PROJECT_VERSION = 1;
				DEVELOPMENT_TEAM = SQB2CZK53R;
				GENERATE_INFOPLIST_FILE = YES;
				INFOPLIST_FILE = Spotify/Info.plist;
				INFOPLIST_KEY_UIApplicationSupportsIndirectInputEvents = YES;
				INFOPLIST_KEY_UILaunchStoryboardName = LaunchScreen;
				INFOPLIST_KEY_UIMainStoryboardFile = LaunchScreen;
				INFOPLIST_KEY_UISupportedInterfaceOrientations = "UIInterfaceOrientationPortrait UIInterfaceOrientationLandscapeLeft UIInterfaceOrientationLandscapeRight";
				INFOPLIST_KEY_UISupportedInterfaceOrientations_iPad = "UIInterfaceOrientationPortrait UIInterfaceOrientationPortraitUpsideDown UIInterfaceOrientationLandscapeLeft UIInterfaceOrientationLandscapeRight";
				INFOPLIST_KEY_UISupportedInterfaceOrientations_iPhone = "UIInterfaceOrientationPortrait UIInterfaceOrientationLandscapeLeft UIInterfaceOrientationLandscapeRight";
				LD_RUNPATH_SEARCH_PATHS = (
					"$(inherited)",
					"@executable_path/Frameworks",
				);
				MARKETING_VERSION = 1.0;
				PRODUCT_BUNDLE_IDENTIFIER = ir.Arsad.Spotify;
				PRODUCT_NAME = "$(TARGET_NAME)";
				SWIFT_EMIT_LOC_STRINGS = YES;
				SWIFT_VERSION = 5.0;
				TARGETED_DEVICE_FAMILY = "1,2";
			};
			name = Debug;
		};
		5A0CA154287C597A003E2C51 /* Release */ = {
			isa = XCBuildConfiguration;
			baseConfigurationReference = B8C3ED7C1A1949020FE05F08 /* Pods-Spotify.release.xcconfig */;
			buildSettings = {
				ASSETCATALOG_COMPILER_APPICON_NAME = AppIcon;
				ASSETCATALOG_COMPILER_GLOBAL_ACCENT_COLOR_NAME = AccentColor;
				CODE_SIGN_STYLE = Automatic;
				CURRENT_PROJECT_VERSION = 1;
				DEVELOPMENT_TEAM = SQB2CZK53R;
				GENERATE_INFOPLIST_FILE = YES;
				INFOPLIST_FILE = Spotify/Info.plist;
				INFOPLIST_KEY_UIApplicationSupportsIndirectInputEvents = YES;
				INFOPLIST_KEY_UILaunchStoryboardName = LaunchScreen;
				INFOPLIST_KEY_UIMainStoryboardFile = LaunchScreen;
				INFOPLIST_KEY_UISupportedInterfaceOrientations = "UIInterfaceOrientationPortrait UIInterfaceOrientationLandscapeLeft UIInterfaceOrientationLandscapeRight";
				INFOPLIST_KEY_UISupportedInterfaceOrientations_iPad = "UIInterfaceOrientationPortrait UIInterfaceOrientationPortraitUpsideDown UIInterfaceOrientationLandscapeLeft UIInterfaceOrientationLandscapeRight";
				INFOPLIST_KEY_UISupportedInterfaceOrientations_iPhone = "UIInterfaceOrientationPortrait UIInterfaceOrientationLandscapeLeft UIInterfaceOrientationLandscapeRight";
				LD_RUNPATH_SEARCH_PATHS = (
					"$(inherited)",
					"@executable_path/Frameworks",
				);
				MARKETING_VERSION = 1.0;
				PRODUCT_BUNDLE_IDENTIFIER = ir.Arsad.Spotify;
				PRODUCT_NAME = "$(TARGET_NAME)";
				SWIFT_EMIT_LOC_STRINGS = YES;
				SWIFT_VERSION = 5.0;
				TARGETED_DEVICE_FAMILY = "1,2";
			};
			name = Release;
		};
/* End XCBuildConfiguration section */

/* Begin XCConfigurationList section */
		5A0CA139287C5978003E2C51 /* Build configuration list for PBXProject "Spotify" */ = {
			isa = XCConfigurationList;
			buildConfigurations = (
				5A0CA150287C597A003E2C51 /* Debug */,
				5A0CA151287C597A003E2C51 /* Release */,
			);
			defaultConfigurationIsVisible = 0;
			defaultConfigurationName = Release;
		};
		5A0CA152287C597A003E2C51 /* Build configuration list for PBXNativeTarget "Spotify" */ = {
			isa = XCConfigurationList;
			buildConfigurations = (
				5A0CA153287C597A003E2C51 /* Debug */,
				5A0CA154287C597A003E2C51 /* Release */,
			);
			defaultConfigurationIsVisible = 0;
			defaultConfigurationName = Release;
		};
/* End XCConfigurationList section */
	};
	rootObject = 5A0CA136287C5978003E2C51 /* Project object */;
}
